
Microsoft Visual Studio Solution File, Format Version 12.00
# Visual Studio Version 16
VisualStudioVersion = 16.0.31702.278
MinimumVisualStudioVersion = 10.0.40219.1
Project("{2150E333-8FDC-42A3-9474-1A3956D46DE8}") = "zcontain", "zcontain", "{2A4BE17B-B357-4AE5-9DC9-05057D553E77}"
EndProject
Project("{8BC9CEB8-8B4A-11D0-8D11-00A0C91BC942}") = "递归", "zcontain\递归\递归.vcxproj", "{3027ACB8-8A48-4BE3-B086-4A09F921EDCB}"
EndProject
Project("{8BC9CEB8-8B4A-11D0-8D11-00A0C91BC942}") = "顺序表", "zcontain\顺序表\顺序表.vcxproj", "{82521183-BC9E-4F18-8575-72DA600FC0B0}"
EndProject
Project("{8BC9CEB8-8B4A-11D0-8D11-00A0C91BC942}") = "链表", "zcontain\链表\链表.vcxproj", "{1A4A2D2C-2FA7-491D-A484-B65C8722B208}"
EndProject
Project("{8BC9CEB8-8B4A-11D0-8D11-00A0C91BC942}") = "队列", "zcontain\队列\队列.vcxproj", "{7FB509A2-76B8-4889-A7D3-7095AAB88188}"
EndProject
Project("{8BC9CEB8-8B4A-11D0-8D11-00A0C91BC942}") = "红黑树", "zcontain\红黑树\zrbtree.vcxproj", "{8C03FDFE-A396-4421-B5DA-036AFF59C17B}"
EndProject
Project("{8BC9CEB8-8B4A-11D0-8D11-00A0C91BC942}") = "平衡二叉树", "zcontain\平衡二叉树\zavltree.vcxproj", "{9209EC1C-9084-4602-8B11-E46BD5476458}"
EndProject
Project("{8BC9CEB8-8B4A-11D0-8D11-00A0C91BC942}") = "栈", "zcontain\栈\栈.vcxproj", "{BB588B90-91EB-431D-907D-DF7D3346CB3E}"
EndProject
Project("{8BC9CEB8-8B4A-11D0-8D11-00A0C91BC942}") = "二叉树", "zcontain\二叉树\二叉树.vcxproj", "{AF0728D3-9E41-4BF9-9232-1FEE4C05BC70}"
EndProject
Project("{8BC9CEB8-8B4A-11D0-8D11-00A0C91BC942}") = "堆与优先队列", "zcontain\堆与优先队列\堆与优先队列.vcxproj", "{A6F02D3F-584C-4C0B-A7B1-0275F207F4AB}"
EndProject
Project("{8BC9CEB8-8B4A-11D0-8D11-00A0C91BC942}") = "排序算法", "zcontain\排序算法\排序算法.vcxproj", "{384E460D-C3F1-40D3-BF2D-ED8C9E38A7D8}"
EndProject
Project("{2150E333-8FDC-42A3-9474-1A3956D46DE8}") = "c++", "c++", "{9A92ABCC-C03D-449C-9971-5585C483F475}"
EndProject
Project("{8BC9CEB8-8B4A-11D0-8D11-00A0C91BC942}") = "查找算法", "zcontain\查找算法\查找算法.vcxproj", "{EF24BE87-0B83-4531-9792-9AA33CA9471F}"
EndProject
Project("{8BC9CEB8-8B4A-11D0-8D11-00A0C91BC942}") = "递归转非递归", "zcontain\递归转非递归\递归转非递归.vcxproj", "{C3B10FAA-D2C9-4D72-8D75-CEE2E86BDD38}"
EndProject
Project("{8BC9CEB8-8B4A-11D0-8D11-00A0C91BC942}") = "森林与并查集", "zcontain\森林与并查集\森林与并查集.vcxproj", "{1A725AC5-6BC1-4D17-8972-E1AA4A90180F}"
EndProject
Project("{8BC9CEB8-8B4A-11D0-8D11-00A0C91BC942}") = "单调队列", "zcontain\单调队列\单调队列.vcxproj", "{FD14E13A-1F50-4CDF-83CA-43F733E4EAEC}"
EndProject
Project("{8BC9CEB8-8B4A-11D0-8D11-00A0C91BC942}") = "单调栈", "zcontain\单调栈\单调栈.vcxproj", "{4C47B1DB-B5C1-40D2-83AC-996AFA2AAF30}"
EndProject
Project("{8BC9CEB8-8B4A-11D0-8D11-00A0C91BC942}") = "路飞吃桃", "c++\路飞吃桃\路飞吃桃.vcxproj", "{BA37E6B6-2821-4C93-9261-EF521F9FB548}"
EndProject
Project("{2150E333-8FDC-42A3-9474-1A3956D46DE8}") = "回溯算法", "回溯算法", "{D7BFECB4-D057-44A9-919F-3AED3F039129}"
EndProject
Project("{8BC9CEB8-8B4A-11D0-8D11-00A0C91BC942}") = "八皇后问题", "回溯算法\八皇后问题\八皇后问题.vcxproj", "{A64A4603-B304-4D04-BCB0-6F1616626A60}"
EndProject
Project("{8BC9CEB8-8B4A-11D0-8D11-00A0C91BC942}") = "选数", "回溯算法\选数\选数.vcxproj", "{8CF30AAA-F0BD-442D-953F-D13679AC7AA1}"
EndProject
Project("{8BC9CEB8-8B4A-11D0-8D11-00A0C91BC942}") = "马的遍历", "回溯算法\马的遍历\马的遍历.vcxproj", "{2DBA0F7F-A3D6-4DE7-9129-80221E2BC53A}"
EndProject
Project("{8BC9CEB8-8B4A-11D0-8D11-00A0C91BC942}") = "排列型枚举", "回溯算法\排列型枚举\排列型枚举.vcxproj", "{063EFD32-4FA4-4CC5-A060-91CDE621468D}"
EndProject
Project("{8BC9CEB8-8B4A-11D0-8D11-00A0C91BC942}") = "奇怪的电梯", "回溯算法\奇怪的电梯\奇怪的电梯.vcxproj", "{4D86C365-81E0-45C9-BEF7-B3B59D82598F}"
EndProject
Global
	GlobalSection(SolutionConfigurationPlatforms) = preSolution
		Debug|x64 = Debug|x64
		Debug|x86 = Debug|x86
		Release|x64 = Release|x64
		Release|x86 = Release|x86
	EndGlobalSection
	GlobalSection(ProjectConfigurationPlatforms) = postSolution
		{3027ACB8-8A48-4BE3-B086-4A09F921EDCB}.Debug|x64.ActiveCfg = Debug|x64
		{3027ACB8-8A48-4BE3-B086-4A09F921EDCB}.Debug|x64.Build.0 = Debug|x64
		{3027ACB8-8A48-4BE3-B086-4A09F921EDCB}.Debug|x86.ActiveCfg = Debug|Win32
		{3027ACB8-8A48-4BE3-B086-4A09F921EDCB}.Debug|x86.Build.0 = Debug|Win32
		{3027ACB8-8A48-4BE3-B086-4A09F921EDCB}.Release|x64.ActiveCfg = Release|x64
		{3027ACB8-8A48-4BE3-B086-4A09F921EDCB}.Release|x64.Build.0 = Release|x64
		{3027ACB8-8A48-4BE3-B086-4A09F921EDCB}.Release|x86.ActiveCfg = Release|Win32
		{3027ACB8-8A48-4BE3-B086-4A09F921EDCB}.Release|x86.Build.0 = Release|Win32
		{82521183-BC9E-4F18-8575-72DA600FC0B0}.Debug|x64.ActiveCfg = Debug|x64
		{82521183-BC9E-4F18-8575-72DA600FC0B0}.Debug|x64.Build.0 = Debug|x64
		{82521183-BC9E-4F18-8575-72DA600FC0B0}.Debug|x86.ActiveCfg = Debug|Win32
		{82521183-BC9E-4F18-8575-72DA600FC0B0}.Debug|x86.Build.0 = Debug|Win32
		{82521183-BC9E-4F18-8575-72DA600FC0B0}.Release|x64.ActiveCfg = Release|x64
		{82521183-BC9E-4F18-8575-72DA600FC0B0}.Release|x64.Build.0 = Release|x64
		{82521183-BC9E-4F18-8575-72DA600FC0B0}.Release|x86.ActiveCfg = Release|Win32
		{82521183-BC9E-4F18-8575-72DA600FC0B0}.Release|x86.Build.0 = Release|Win32
		{1A4A2D2C-2FA7-491D-A484-B65C8722B208}.Debug|x64.ActiveCfg = Debug|x64
		{1A4A2D2C-2FA7-491D-A484-B65C8722B208}.Debug|x64.Build.0 = Debug|x64
		{1A4A2D2C-2FA7-491D-A484-B65C8722B208}.Debug|x86.ActiveCfg = Debug|Win32
		{1A4A2D2C-2FA7-491D-A484-B65C8722B208}.Debug|x86.Build.0 = Debug|Win32
		{1A4A2D2C-2FA7-491D-A484-B65C8722B208}.Release|x64.ActiveCfg = Release|x64
		{1A4A2D2C-2FA7-491D-A484-B65C8722B208}.Release|x64.Build.0 = Release|x64
		{1A4A2D2C-2FA7-491D-A484-B65C8722B208}.Release|x86.ActiveCfg = Release|Win32
		{1A4A2D2C-2FA7-491D-A484-B65C8722B208}.Release|x86.Build.0 = Release|Win32
		{7FB509A2-76B8-4889-A7D3-7095AAB88188}.Debug|x64.ActiveCfg = Debug|x64
		{7FB509A2-76B8-4889-A7D3-7095AAB88188}.Debug|x64.Build.0 = Debug|x64
		{7FB509A2-76B8-4889-A7D3-7095AAB88188}.Debug|x86.ActiveCfg = Debug|Win32
		{7FB509A2-76B8-4889-A7D3-7095AAB88188}.Debug|x86.Build.0 = Debug|Win32
		{7FB509A2-76B8-4889-A7D3-7095AAB88188}.Release|x64.ActiveCfg = Release|x64
		{7FB509A2-76B8-4889-A7D3-7095AAB88188}.Release|x64.Build.0 = Release|x64
		{7FB509A2-76B8-4889-A7D3-7095AAB88188}.Release|x86.ActiveCfg = Release|Win32
		{7FB509A2-76B8-4889-A7D3-7095AAB88188}.Release|x86.Build.0 = Release|Win32
		{8C03FDFE-A396-4421-B5DA-036AFF59C17B}.Debug|x64.ActiveCfg = Debug|x64
		{8C03FDFE-A396-4421-B5DA-036AFF59C17B}.Debug|x64.Build.0 = Debug|x64
		{8C03FDFE-A396-4421-B5DA-036AFF59C17B}.Debug|x86.ActiveCfg = Debug|Win32
		{8C03FDFE-A396-4421-B5DA-036AFF59C17B}.Debug|x86.Build.0 = Debug|Win32
		{8C03FDFE-A396-4421-B5DA-036AFF59C17B}.Release|x64.ActiveCfg = Release|x64
		{8C03FDFE-A396-4421-B5DA-036AFF59C17B}.Release|x64.Build.0 = Release|x64
		{8C03FDFE-A396-4421-B5DA-036AFF59C17B}.Release|x86.ActiveCfg = Release|Win32
		{8C03FDFE-A396-4421-B5DA-036AFF59C17B}.Release|x86.Build.0 = Release|Win32
		{9209EC1C-9084-4602-8B11-E46BD5476458}.Debug|x64.ActiveCfg = Debug|x64
		{9209EC1C-9084-4602-8B11-E46BD5476458}.Debug|x64.Build.0 = Debug|x64
		{9209EC1C-9084-4602-8B11-E46BD5476458}.Debug|x86.ActiveCfg = Debug|Win32
		{9209EC1C-9084-4602-8B11-E46BD5476458}.Debug|x86.Build.0 = Debug|Win32
		{9209EC1C-9084-4602-8B11-E46BD5476458}.Release|x64.ActiveCfg = Release|x64
		{9209EC1C-9084-4602-8B11-E46BD5476458}.Release|x64.Build.0 = Release|x64
		{9209EC1C-9084-4602-8B11-E46BD5476458}.Release|x86.ActiveCfg = Release|Win32
		{9209EC1C-9084-4602-8B11-E46BD5476458}.Release|x86.Build.0 = Release|Win32
		{BB588B90-91EB-431D-907D-DF7D3346CB3E}.Debug|x64.ActiveCfg = Debug|x64
		{BB588B90-91EB-431D-907D-DF7D3346CB3E}.Debug|x64.Build.0 = Debug|x64
		{BB588B90-91EB-431D-907D-DF7D3346CB3E}.Debug|x86.ActiveCfg = Debug|Win32
		{BB588B90-91EB-431D-907D-DF7D3346CB3E}.Debug|x86.Build.0 = Debug|Win32
		{BB588B90-91EB-431D-907D-DF7D3346CB3E}.Release|x64.ActiveCfg = Release|x64
		{BB588B90-91EB-431D-907D-DF7D3346CB3E}.Release|x64.Build.0 = Release|x64
		{BB588B90-91EB-431D-907D-DF7D3346CB3E}.Release|x86.ActiveCfg = Release|Win32
		{BB588B90-91EB-431D-907D-DF7D3346CB3E}.Release|x86.Build.0 = Release|Win32
		{AF0728D3-9E41-4BF9-9232-1FEE4C05BC70}.Debug|x64.ActiveCfg = Debug|x64
		{AF0728D3-9E41-4BF9-9232-1FEE4C05BC70}.Debug|x64.Build.0 = Debug|x64
		{AF0728D3-9E41-4BF9-9232-1FEE4C05BC70}.Debug|x86.ActiveCfg = Debug|Win32
		{AF0728D3-9E41-4BF9-9232-1FEE4C05BC70}.Debug|x86.Build.0 = Debug|Win32
		{AF0728D3-9E41-4BF9-9232-1FEE4C05BC70}.Release|x64.ActiveCfg = Release|x64
		{AF0728D3-9E41-4BF9-9232-1FEE4C05BC70}.Release|x64.Build.0 = Release|x64
		{AF0728D3-9E41-4BF9-9232-1FEE4C05BC70}.Release|x86.ActiveCfg = Release|Win32
		{AF0728D3-9E41-4BF9-9232-1FEE4C05BC70}.Release|x86.Build.0 = Release|Win32
		{A6F02D3F-584C-4C0B-A7B1-0275F207F4AB}.Debug|x64.ActiveCfg = Debug|x64
		{A6F02D3F-584C-4C0B-A7B1-0275F207F4AB}.Debug|x64.Build.0 = Debug|x64
		{A6F02D3F-584C-4C0B-A7B1-0275F207F4AB}.Debug|x86.ActiveCfg = Debug|Win32
		{A6F02D3F-584C-4C0B-A7B1-0275F207F4AB}.Debug|x86.Build.0 = Debug|Win32
		{A6F02D3F-584C-4C0B-A7B1-0275F207F4AB}.Release|x64.ActiveCfg = Release|x64
		{A6F02D3F-584C-4C0B-A7B1-0275F207F4AB}.Release|x64.Build.0 = Release|x64
		{A6F02D3F-584C-4C0B-A7B1-0275F207F4AB}.Release|x86.ActiveCfg = Release|Win32
		{A6F02D3F-584C-4C0B-A7B1-0275F207F4AB}.Release|x86.Build.0 = Release|Win32
		{384E460D-C3F1-40D3-BF2D-ED8C9E38A7D8}.Debug|x64.ActiveCfg = Debug|x64
		{384E460D-C3F1-40D3-BF2D-ED8C9E38A7D8}.Debug|x64.Build.0 = Debug|x64
		{384E460D-C3F1-40D3-BF2D-ED8C9E38A7D8}.Debug|x86.ActiveCfg = Debug|Win32
		{384E460D-C3F1-40D3-BF2D-ED8C9E38A7D8}.Debug|x86.Build.0 = Debug|Win32
		{384E460D-C3F1-40D3-BF2D-ED8C9E38A7D8}.Release|x64.ActiveCfg = Release|x64
		{384E460D-C3F1-40D3-BF2D-ED8C9E38A7D8}.Release|x64.Build.0 = Release|x64
		{384E460D-C3F1-40D3-BF2D-ED8C9E38A7D8}.Release|x86.ActiveCfg = Release|Win32
		{384E460D-C3F1-40D3-BF2D-ED8C9E38A7D8}.Release|x86.Build.0 = Release|Win32
		{EF24BE87-0B83-4531-9792-9AA33CA9471F}.Debug|x64.ActiveCfg = Debug|x64
		{EF24BE87-0B83-4531-9792-9AA33CA9471F}.Debug|x64.Build.0 = Debug|x64
		{EF24BE87-0B83-4531-9792-9AA33CA9471F}.Debug|x86.ActiveCfg = Debug|Win32
		{EF24BE87-0B83-4531-9792-9AA33CA9471F}.Debug|x86.Build.0 = Debug|Win32
		{EF24BE87-0B83-4531-9792-9AA33CA9471F}.Release|x64.ActiveCfg = Release|x64
		{EF24BE87-0B83-4531-9792-9AA33CA9471F}.Release|x64.Build.0 = Release|x64
		{EF24BE87-0B83-4531-9792-9AA33CA9471F}.Release|x86.ActiveCfg = Release|Win32
		{EF24BE87-0B83-4531-9792-9AA33CA9471F}.Release|x86.Build.0 = Release|Win32
		{C3B10FAA-D2C9-4D72-8D75-CEE2E86BDD38}.Debug|x64.ActiveCfg = Debug|x64
		{C3B10FAA-D2C9-4D72-8D75-CEE2E86BDD38}.Debug|x64.Build.0 = Debug|x64
		{C3B10FAA-D2C9-4D72-8D75-CEE2E86BDD38}.Debug|x86.ActiveCfg = Debug|Win32
		{C3B10FAA-D2C9-4D72-8D75-CEE2E86BDD38}.Debug|x86.Build.0 = Debug|Win32
		{C3B10FAA-D2C9-4D72-8D75-CEE2E86BDD38}.Release|x64.ActiveCfg = Release|x64
		{C3B10FAA-D2C9-4D72-8D75-CEE2E86BDD38}.Release|x64.Build.0 = Release|x64
		{C3B10FAA-D2C9-4D72-8D75-CEE2E86BDD38}.Release|x86.ActiveCfg = Release|Win32
		{C3B10FAA-D2C9-4D72-8D75-CEE2E86BDD38}.Release|x86.Build.0 = Release|Win32
		{1A725AC5-6BC1-4D17-8972-E1AA4A90180F}.Debug|x64.ActiveCfg = Debug|x64
		{1A725AC5-6BC1-4D17-8972-E1AA4A90180F}.Debug|x64.Build.0 = Debug|x64
		{1A725AC5-6BC1-4D17-8972-E1AA4A90180F}.Debug|x86.ActiveCfg = Debug|Win32
		{1A725AC5-6BC1-4D17-8972-E1AA4A90180F}.Debug|x86.Build.0 = Debug|Win32
		{1A725AC5-6BC1-4D17-8972-E1AA4A90180F}.Release|x64.ActiveCfg = Release|x64
		{1A725AC5-6BC1-4D17-8972-E1AA4A90180F}.Release|x64.Build.0 = Release|x64
		{1A725AC5-6BC1-4D17-8972-E1AA4A90180F}.Release|x86.ActiveCfg = Release|Win32
		{1A725AC5-6BC1-4D17-8972-E1AA4A90180F}.Release|x86.Build.0 = Release|Win32
		{FD14E13A-1F50-4CDF-83CA-43F733E4EAEC}.Debug|x64.ActiveCfg = Debug|x64
		{FD14E13A-1F50-4CDF-83CA-43F733E4EAEC}.Debug|x64.Build.0 = Debug|x64
		{FD14E13A-1F50-4CDF-83CA-43F733E4EAEC}.Debug|x86.ActiveCfg = Debug|Win32
		{FD14E13A-1F50-4CDF-83CA-43F733E4EAEC}.Debug|x86.Build.0 = Debug|Win32
		{FD14E13A-1F50-4CDF-83CA-43F733E4EAEC}.Release|x64.ActiveCfg = Release|x64
		{FD14E13A-1F50-4CDF-83CA-43F733E4EAEC}.Release|x64.Build.0 = Release|x64
		{FD14E13A-1F50-4CDF-83CA-43F733E4EAEC}.Release|x86.ActiveCfg = Release|Win32
		{FD14E13A-1F50-4CDF-83CA-43F733E4EAEC}.Release|x86.Build.0 = Release|Win32
		{4C47B1DB-B5C1-40D2-83AC-996AFA2AAF30}.Debug|x64.ActiveCfg = Debug|x64
		{4C47B1DB-B5C1-40D2-83AC-996AFA2AAF30}.Debug|x64.Build.0 = Debug|x64
		{4C47B1DB-B5C1-40D2-83AC-996AFA2AAF30}.Debug|x86.ActiveCfg = Debug|Win32
		{4C47B1DB-B5C1-40D2-83AC-996AFA2AAF30}.Debug|x86.Build.0 = Debug|Win32
		{4C47B1DB-B5C1-40D2-83AC-996AFA2AAF30}.Release|x64.ActiveCfg = Release|x64
		{4C47B1DB-B5C1-40D2-83AC-996AFA2AAF30}.Release|x64.Build.0 = Release|x64
		{4C47B1DB-B5C1-40D2-83AC-996AFA2AAF30}.Release|x86.ActiveCfg = Release|Win32
		{4C47B1DB-B5C1-40D2-83AC-996AFA2AAF30}.Release|x86.Build.0 = Release|Win32
		{BA37E6B6-2821-4C93-9261-EF521F9FB548}.Debug|x64.ActiveCfg = Debug|x64
		{BA37E6B6-2821-4C93-9261-EF521F9FB548}.Debug|x64.Build.0 = Debug|x64
		{BA37E6B6-2821-4C93-9261-EF521F9FB548}.Debug|x86.ActiveCfg = Debug|Win32
		{BA37E6B6-2821-4C93-9261-EF521F9FB548}.Debug|x86.Build.0 = Debug|Win32
		{BA37E6B6-2821-4C93-9261-EF521F9FB548}.Release|x64.ActiveCfg = Release|x64
		{BA37E6B6-2821-4C93-9261-EF521F9FB548}.Release|x64.Build.0 = Release|x64
		{BA37E6B6-2821-4C93-9261-EF521F9FB548}.Release|x86.ActiveCfg = Release|Win32
		{BA37E6B6-2821-4C93-9261-EF521F9FB548}.Release|x86.Build.0 = Release|Win32
		{A64A4603-B304-4D04-BCB0-6F1616626A60}.Debug|x64.ActiveCfg = Debug|x64
		{A64A4603-B304-4D04-BCB0-6F1616626A60}.Debug|x64.Build.0 = Debug|x64
		{A64A4603-B304-4D04-BCB0-6F1616626A60}.Debug|x86.ActiveCfg = Debug|Win32
		{A64A4603-B304-4D04-BCB0-6F1616626A60}.Debug|x86.Build.0 = Debug|Win32
		{A64A4603-B304-4D04-BCB0-6F1616626A60}.Release|x64.ActiveCfg = Release|x64
		{A64A4603-B304-4D04-BCB0-6F1616626A60}.Release|x64.Build.0 = Release|x64
		{A64A4603-B304-4D04-BCB0-6F1616626A60}.Release|x86.ActiveCfg = Release|Win32
		{A64A4603-B304-4D04-BCB0-6F1616626A60}.Release|x86.Build.0 = Release|Win32
		{8CF30AAA-F0BD-442D-953F-D13679AC7AA1}.Debug|x64.ActiveCfg = Debug|x64
		{8CF30AAA-F0BD-442D-953F-D13679AC7AA1}.Debug|x64.Build.0 = Debug|x64
		{8CF30AAA-F0BD-442D-953F-D13679AC7AA1}.Debug|x86.ActiveCfg = Debug|Win32
		{8CF30AAA-F0BD-442D-953F-D13679AC7AA1}.Debug|x86.Build.0 = Debug|Win32
		{8CF30AAA-F0BD-442D-953F-D13679AC7AA1}.Release|x64.ActiveCfg = Release|x64
		{8CF30AAA-F0BD-442D-953F-D13679AC7AA1}.Release|x64.Build.0 = Release|x64
		{8CF30AAA-F0BD-442D-953F-D13679AC7AA1}.Release|x86.ActiveCfg = Release|Win32
		{8CF30AAA-F0BD-442D-953F-D13679AC7AA1}.Release|x86.Build.0 = Release|Win32
		{2DBA0F7F-A3D6-4DE7-9129-80221E2BC53A}.Debug|x64.ActiveCfg = Debug|x64
		{2DBA0F7F-A3D6-4DE7-9129-80221E2BC53A}.Debug|x64.Build.0 = Debug|x64
		{2DBA0F7F-A3D6-4DE7-9129-80221E2BC53A}.Debug|x86.ActiveCfg = Debug|Win32
		{2DBA0F7F-A3D6-4DE7-9129-80221E2BC53A}.Debug|x86.Build.0 = Debug|Win32
		{2DBA0F7F-A3D6-4DE7-9129-80221E2BC53A}.Release|x64.ActiveCfg = Release|x64
		{2DBA0F7F-A3D6-4DE7-9129-80221E2BC53A}.Release|x64.Build.0 = Release|x64
		{2DBA0F7F-A3D6-4DE7-9129-80221E2BC53A}.Release|x86.ActiveCfg = Release|Win32
		{2DBA0F7F-A3D6-4DE7-9129-80221E2BC53A}.Release|x86.Build.0 = Release|Win32
		{063EFD32-4FA4-4CC5-A060-91CDE621468D}.Debug|x64.ActiveCfg = Debug|x64
		{063EFD32-4FA4-4CC5-A060-91CDE621468D}.Debug|x64.Build.0 = Debug|x64
		{063EFD32-4FA4-4CC5-A060-91CDE621468D}.Debug|x86.ActiveCfg = Debug|Win32
		{063EFD32-4FA4-4CC5-A060-91CDE621468D}.Debug|x86.Build.0 = Debug|Win32
		{063EFD32-4FA4-4CC5-A060-91CDE621468D}.Release|x64.ActiveCfg = Release|x64
		{063EFD32-4FA4-4CC5-A060-91CDE621468D}.Release|x64.Build.0 = Release|x64
		{063EFD32-4FA4-4CC5-A060-91CDE621468D}.Release|x86.ActiveCfg = Release|Win32
		{063EFD32-4FA4-4CC5-A060-91CDE621468D}.Release|x86.Build.0 = Release|Win32
		{4D86C365-81E0-45C9-BEF7-B3B59D82598F}.Debug|x64.ActiveCfg = Debug|x64
		{4D86C365-81E0-45C9-BEF7-B3B59D82598F}.Debug|x64.Build.0 = Debug|x64
		{4D86C365-81E0-45C9-BEF7-B3B59D82598F}.Debug|x86.ActiveCfg = Debug|Win32
		{4D86C365-81E0-45C9-BEF7-B3B59D82598F}.Debug|x86.Build.0 = Debug|Win32
		{4D86C365-81E0-45C9-BEF7-B3B59D82598F}.Release|x64.ActiveCfg = Release|x64
		{4D86C365-81E0-45C9-BEF7-B3B59D82598F}.Release|x64.Build.0 = Release|x64
		{4D86C365-81E0-45C9-BEF7-B3B59D82598F}.Release|x86.ActiveCfg = Release|Win32
		{4D86C365-81E0-45C9-BEF7-B3B59D82598F}.Release|x86.Build.0 = Release|Win32
	EndGlobalSection
	GlobalSection(SolutionProperties) = preSolution
		HideSolutionNode = FALSE
	EndGlobalSection
	GlobalSection(NestedProjects) = preSolution
		{3027ACB8-8A48-4BE3-B086-4A09F921EDCB} = {2A4BE17B-B357-4AE5-9DC9-05057D553E77}
		{82521183-BC9E-4F18-8575-72DA600FC0B0} = {2A4BE17B-B357-4AE5-9DC9-05057D553E77}
		{1A4A2D2C-2FA7-491D-A484-B65C8722B208} = {2A4BE17B-B357-4AE5-9DC9-05057D553E77}
		{7FB509A2-76B8-4889-A7D3-7095AAB88188} = {2A4BE17B-B357-4AE5-9DC9-05057D553E77}
		{8C03FDFE-A396-4421-B5DA-036AFF59C17B} = {2A4BE17B-B357-4AE5-9DC9-05057D553E77}
		{9209EC1C-9084-4602-8B11-E46BD5476458} = {2A4BE17B-B357-4AE5-9DC9-05057D553E77}
		{BB588B90-91EB-431D-907D-DF7D3346CB3E} = {2A4BE17B-B357-4AE5-9DC9-05057D553E77}
		{AF0728D3-9E41-4BF9-9232-1FEE4C05BC70} = {2A4BE17B-B357-4AE5-9DC9-05057D553E77}
		{A6F02D3F-584C-4C0B-A7B1-0275F207F4AB} = {2A4BE17B-B357-4AE5-9DC9-05057D553E77}
		{384E460D-C3F1-40D3-BF2D-ED8C9E38A7D8} = {2A4BE17B-B357-4AE5-9DC9-05057D553E77}
		{EF24BE87-0B83-4531-9792-9AA33CA9471F} = {2A4BE17B-B357-4AE5-9DC9-05057D553E77}
		{C3B10FAA-D2C9-4D72-8D75-CEE2E86BDD38} = {2A4BE17B-B357-4AE5-9DC9-05057D553E77}
		{1A725AC5-6BC1-4D17-8972-E1AA4A90180F} = {2A4BE17B-B357-4AE5-9DC9-05057D553E77}
		{FD14E13A-1F50-4CDF-83CA-43F733E4EAEC} = {2A4BE17B-B357-4AE5-9DC9-05057D553E77}
		{4C47B1DB-B5C1-40D2-83AC-996AFA2AAF30} = {2A4BE17B-B357-4AE5-9DC9-05057D553E77}
		{BA37E6B6-2821-4C93-9261-EF521F9FB548} = {9A92ABCC-C03D-449C-9971-5585C483F475}
		{A64A4603-B304-4D04-BCB0-6F1616626A60} = {D7BFECB4-D057-44A9-919F-3AED3F039129}
		{8CF30AAA-F0BD-442D-953F-D13679AC7AA1} = {D7BFECB4-D057-44A9-919F-3AED3F039129}
		{2DBA0F7F-A3D6-4DE7-9129-80221E2BC53A} = {D7BFECB4-D057-44A9-919F-3AED3F039129}
		{063EFD32-4FA4-4CC5-A060-91CDE621468D} = {D7BFECB4-D057-44A9-919F-3AED3F039129}
		{4D86C365-81E0-45C9-BEF7-B3B59D82598F} = {D7BFECB4-D057-44A9-919F-3AED3F039129}
	EndGlobalSection
	GlobalSection(ExtensibilityGlobals) = postSolution
		SolutionGuid = {05684C4E-6C6F-465A-BF24-F079FB40697E}
	EndGlobalSection
EndGlobal
